
Microsoft Visual Studio Solution File, Format Version 12.00
# Visual Studio Version 17
VisualStudioVersion = 17.4.33403.182
MinimumVisualStudioVersion = 10.0.40219.1
Project("{FAE04EC0-301F-11D3-BF4B-00C04F79EFBC}") = "SharpCalculating", "SharpCalculating.csproj", "{9C8D1550-D987-42ED-9101-678FC625D1B5}"
EndProject
Global
	GlobalSection(SolutionConfigurationPlatforms) = preSolution
		Debug|Any CPU = Debug|Any CPU
		Release|Any CPU = Release|Any CPU
	EndGlobalSection
	GlobalSection(ProjectConfigurationPlatforms) = postSolution
		{9C8D1550-D987-42ED-9101-678FC625D1B5}.Debug|Any CPU.ActiveCfg = Debug|Any CPU
		{9C8D1550-D987-42ED-9101-678FC625D1B5}.Debug|Any CPU.Build.0 = Debug|Any CPU
		{9C8D1550-D987-42ED-9101-678FC625D1B5}.Release|Any CPU.ActiveCfg = Release|Any CPU
		{9C8D1550-D987-42ED-9101-678FC625D1B5}.Release|Any CPU.Build.0 = Release|Any CPU
	EndGlobalSection
	GlobalSection(SolutionProperties) = preSolution
		HideSolutionNode = FALSE
	EndGlobalSection
	GlobalSection(ExtensibilityGlobals) = postSolution
		SolutionGuid = {ECA67961-AF07-437C-BB4F-8FF4A5AE96F2}
	EndGlobalSection
EndGlobal
